PODS:
  - PromisesObjC (1.2.8)
  - PromisesSwift (1.2.8):
    - PromisesObjC (= 1.2.8)

DEPENDENCIES:
  - PromisesSwift (~> 1.2.6)

SPEC REPOS:
  https://github.com/cocoapods/specs.git:
    - PromisesObjC
    - PromisesSwift

SPEC CHECKSUMS:
  PromisesObjC: c119f3cd559f50b7ae681fa59dc1acd19173b7e6
  PromisesSwift: 37bad6f4daddb02f7c9c531efe91e8b21c13ee2f

PODFILE CHECKSUM: 75d6ef6ed2062d87ad0a94d70b7bc224ad23cc88

COCOAPODS: 1.7.5
